{
  "name": "node-nepali-datetime-example",
  "version": "1.0.0",
  "lockfileVersion": 3,
  "requires": true,
  "packages": {
    "": {
      "name": "node-nepali-datetime-example",
      "version": "1.0.0",
      "license": "MIT",
      "dependencies": {
        "nepali-datetime": "github:aj3sh/node-nepali-datetime#support-typescript"
      }
    },
    "node_modules/nepali-datetime": {
      "version": "0.1.0",
      "resolved": "git+ssh://git@github.com/aj3sh/node-nepali-datetime.git#7dea74c190ed1d49ada42045ffa45c9a0eede497",
      "license": "MIT"
    }
  }
}
