{
  "name": "node-nepali-datetime-example",
  "version": "1.0.0",
  "lockfileVersion": 3,
  "requires": true,
  "packages": {
    "": {
      "name": "node-nepali-datetime-example",
      "version": "1.0.0",
      "license": "MIT",
      "dependencies": {
        "nepali-datetime": "github:aj3sh/node-nepali-datetime#support-typescript"
      }
    },
    "node_modules/nepali-datetime": {
      "version": "0.1.0",
      "resolved": "git+ssh://git@github.com/aj3sh/node-nepali-datetime.git#569235e85e30d7ec0c15a83f33b0b02d11ccbda4",
      "license": "MIT"
    }
  }
}
