{
  "name": "node-nepali-datetime-example",
  "version": "1.0.0",
  "lockfileVersion": 3,
  "requires": true,
  "packages": {
    "": {
      "name": "node-nepali-datetime-example",
      "version": "1.0.0",
      "dependencies": {
        "nepali-datetime": "1.0.1"
      }
    },
    "node_modules/nepali-datetime": {
      "version": "1.0.1",
      "resolved": "https://registry.npmjs.org/nepali-datetime/-/nepali-datetime-1.0.1.tgz",
      "integrity": "sha512-jsmrhpsp/807+G6hPiJ4ZZMvbSzQJMmcfmZ41Q07fkivK81J+/HeXLhzbpVs6FsBoqakLS6uqRAPpBf73cy4Hw=="
    }
  }
}
